
Microsoft Visual Studio Solution File, Format Version 11.00
# Visual Studio 2010
Project("{FAE04EC0-301F-11D3-BF4B-00C04F79EFBC}") = "GameOver - Jam", "Assembly-CSharp.csproj", "{CCA087AA-F908-61DD-EABE-BABE1674CCED}"
EndProject
Global
	GlobalSection(SolutionConfigurationPlatforms) = preSolution
		Debug|Any CPU = Debug|Any CPU
		Release|Any CPU = Release|Any CPU
	EndGlobalSection
	GlobalSection(ProjectConfigurationPlatforms) = postSolution
		{CCA087AA-F908-61DD-EABE-BABE1674CCED}.Debug|Any CPU.ActiveCfg = Debug|Any CPU
		{CCA087AA-F908-61DD-EABE-BABE1674CCED}.Debug|Any CPU.Build.0 = Debug|Any CPU
		{CCA087AA-F908-61DD-EABE-BABE1674CCED}.Release|Any CPU.ActiveCfg = Release|Any CPU
		{CCA087AA-F908-61DD-EABE-BABE1674CCED}.Release|Any CPU.Build.0 = Release|Any CPU
	EndGlobalSection
	GlobalSection(SolutionProperties) = preSolution
		HideSolutionNode = FALSE
	EndGlobalSection
	GlobalSection(MonoDevelopProperties) = preSolution
		StartupItem = Assembly-CSharp.csproj
	EndGlobalSection
EndGlobal
